
Microsoft Visual Studio Solution File, Format Version 12.00
# Visual Studio Version 16
VisualStudioVersion = 16.0.30517.126
MinimumVisualStudioVersion = 10.0.40219.1
Project("{F184B08F-C81C-45F6-A57F-5ABD9991F28F}") = "Bill Desk", "Bill Desk\Bill Desk.vbproj", "{1234C14B-EF60-4D21-B694-DD7CB7B4788D}"
EndProject
Global
	GlobalSection(SolutionConfigurationPlatforms) = preSolution
		Debug|Any CPU = Debug|Any CPU
		Release|Any CPU = Release|Any CPU
	EndGlobalSection
	GlobalSection(ProjectConfigurationPlatforms) = postSolution
		{1234C14B-EF60-4D21-B694-DD7CB7B4788D}.Debug|Any CPU.ActiveCfg = Debug|Any CPU
		{1234C14B-EF60-4D21-B694-DD7CB7B4788D}.Debug|Any CPU.Build.0 = Debug|Any CPU
		{1234C14B-EF60-4D21-B694-DD7CB7B4788D}.Release|Any CPU.ActiveCfg = Release|Any CPU
		{1234C14B-EF60-4D21-B694-DD7CB7B4788D}.Release|Any CPU.Build.0 = Release|Any CPU
	EndGlobalSection
	GlobalSection(SolutionProperties) = preSolution
		HideSolutionNode = FALSE
	EndGlobalSection
	GlobalSection(ExtensibilityGlobals) = postSolution
		SolutionGuid = {817454EE-FA25-4DBF-BA79-F899035BE4A0}
	EndGlobalSection
EndGlobal
